
Microsoft Visual Studio Solution File, Format Version 11.00
# Visual Studio 2010
Project("{FAE04EC0-301F-11D3-BF4B-00C04F79EFBC}") = "WcfPox", "WcfPox\WcfPox.csproj", "{3973AB71-6801-49F1-A916-3A522FCFF91C}"
EndProject
Global
	GlobalSection(SolutionConfigurationPlatforms) = preSolution
		Debug|Any CPU = Debug|Any CPU
		Release|Any CPU = Release|Any CPU
	EndGlobalSection
	GlobalSection(ProjectConfigurationPlatforms) = postSolution
		{3973AB71-6801-49F1-A916-3A522FCFF91C}.Debug|Any CPU.ActiveCfg = Debug|Any CPU
		{3973AB71-6801-49F1-A916-3A522FCFF91C}.Debug|Any CPU.Build.0 = Debug|Any CPU
		{3973AB71-6801-49F1-A916-3A522FCFF91C}.Release|Any CPU.ActiveCfg = Release|Any CPU
		{3973AB71-6801-49F1-A916-3A522FCFF91C}.Release|Any CPU.Build.0 = Release|Any CPU
	EndGlobalSection
	GlobalSection(SolutionProperties) = preSolution
		HideSolutionNode = FALSE
	EndGlobalSection
EndGlobal
